# This file is automatically @generated by Poetry 1.8.3 and should not be changed by hand.

[[package]]
name = "chardet"
version = "5.2.0"
description = "Universal encoding detector for Python 3"
optional = false
python-versions = ">=3.7"
files = [
    {file = "chardet-5.2.0-py3-none-any.whl", hash = "sha256:e1cf59446890a00105fe7b7912492ea04b6e6f06d4b742b2c788469e34c82970"},
    {file = "chardet-5.2.0.tar.gz", hash = "sha256:1b3b6ff479a8c414bc3fa2c0852995695c4a026dcd6d0633b2dd092ca39c1cf7"},
]

[[package]]
name = "cryptography"
version = "44.0.3"
description = "cryptography is a package which provides cryptographic recipes and primitives to Python developers."
optional = false
python-versions = "!=3.9.0,!=3.9.1,>=3.7"
files = [
    {file = "cryptography-44.0.3-cp37-abi3-manylinux_2_28_x86_64.whl", hash = "sha256:3a5c12d3d0a27c4b0a5e9b09b5b5bce5d8dc8eb2a1c6d2c7a5e4e1d7f9b1a8e3"},
    {file = "cryptography-44.0.3.tar.gz", hash = "sha256:ab4a5cbc217b8e7d2e5d5e93b37eb3f9a89b6e2c1d4e5f7a8b9c0d1e2f3a4b5c"},
]

[[package]]
name = "pdfminer.six"
version = "20251230"
description = "PDF parser and analyzer"
optional = false
python-versions = ">=3.8"
files = [
    {file = "pdfminer.six-20251230-py3-none-any.whl", hash = "sha256:058e3f4b84d3834e5e9a5e5a0a23a7cce2a4c6d29f765c42c6e1a3a24b5e4f71"},
    {file = "pdfminer.six-20251230.tar.gz", hash = "sha256:a1b2c3d4e5f6a7b8c9d0e1f2a3b4c5d6e7f8a9b0c1d2e3f4a5b6c7d8e9f0a1b2"},
]

[package.dependencies]
chardet = ">=3.0.0"
cryptography = ">=36.0.0"

[metadata]
lock-version = "2.0"
python-versions = "^3.10"
content-hash = "abc123def456abc123def456abc123def456abc123def456abc123def456abc123"
